<?xml version="1.0" encoding="UTF-8"?>
<!DOCTYPE plist PUBLIC "-//Apple//DTD PLIST 1.0//EN" "http://www.apple.com/DTDs/PropertyList-1.0.dtd">
<plist version="1.0">
<dict>
	<key>archiveVersion</key>
	<string>1</string>
	<key>classes</key>
	<dict/>
	<key>objectVersion</key>
	<string>46</string>
	<key>objects</key>
	<dict>
		<key>09F43F8FF8724333440A2B0F</key>
		<dict>
			<key>explicitFileType</key>
			<string>wrapper.framework</string>
			<key>includeInIndex</key>
			<string>0</string>
			<key>isa</key>
			<string>PBXFileReference</string>
			<key>path</key>
			<string>Pods_FormKitTests.framework</string>
			<key>sourceTree</key>
			<string>BUILT_PRODUCTS_DIR</string>
		</dict>
		<key>1C76C42A8AFCC9A2C5FA125C</key>
		<dict>
			<key>includeInIndex</key>
			<string>1</string>
			<key>isa</key>
			<string>PBXFileReference</string>
			<key>lastKnownFileType</key>
			<string>text.xcconfig</string>
			<key>name</key>
			<string>Pods-FormKitTests.debug.xcconfig</string>
			<key>path</key>
			<string>Pods/Target Support Files/Pods-FormKitTests/Pods-FormKitTests.debug.xcconfig</string>
			<key>sourceTree</key>
			<string>&lt;group&gt;</string>
		</dict>
		<key>1EA8FC5124F09EC25D96FEA3</key>
		<dict>
			<key>children</key>
			<array>
				<string>836B8FB4A4BA66E6150E7FF0</string>
				<string>8C0AC20773D09EA40EC5E4A9</string>
				<string>1C76C42A8AFCC9A2C5FA125C</string>
				<string>AC3926B8DF6F1BF4167E16C5</string>
			</array>
			<key>isa</key>
			<string>PBXGroup</string>
			<key>name</key>
			<string>Pods</string>
			<key>sourceTree</key>
			<string>&lt;group&gt;</string>
		</dict>
		<key>23FDD3A8EEA782273025B4F7</key>
		<dict>
			<key>buildActionMask</key>
			<string>2147483647</string>
			<key>files</key>
			<array/>
			<key>inputPaths</key>
			<array/>
			<key>isa</key>
			<string>PBXShellScriptBuildPhase</string>
			<key>name</key>
			<string>[CP] Embed Pods Frameworks</string>
			<key>outputPaths</key>
			<array/>
			<key>runOnlyForDeploymentPostprocessing</key>
			<string>0</string>
			<key>shellPath</key>
			<string>/bin/sh</string>
			<key>shellScript</key>
			<string>"${SRCROOT}/Pods/Target Support Files/Pods-FormKitTests/Pods-FormKitTests-frameworks.sh"
</string>
			<key>showEnvVarsInLog</key>
			<string>0</string>
		</dict>
		<key>2EFB738EC944E4FA797556F8</key>
		<dict>
			<key>children</key>
			<array>
				<string>B3C06D7B478C286B4AF15C3A</string>
				<string>09F43F8FF8724333440A2B0F</string>
			</array>
			<key>isa</key>
			<string>PBXGroup</string>
			<key>name</key>
			<string>Frameworks</string>
			<key>sourceTree</key>
			<string>&lt;group&gt;</string>
		</dict>
		<key>5090022C7A42BA43F280D140</key>
		<dict>
			<key>buildActionMask</key>
			<string>2147483647</string>
			<key>files</key>
			<array/>
			<key>inputPaths</key>
			<array/>
			<key>isa</key>
			<string>PBXShellScriptBuildPhase</string>
			<key>name</key>
			<string>[CP] Copy Pods Resources</string>
			<key>outputPaths</key>
			<array/>
			<key>runOnlyForDeploymentPostprocessing</key>
			<string>0</string>
			<key>shellPath</key>
			<string>/bin/sh</string>
			<key>shellScript</key>
			<string>"${SRCROOT}/Pods/Target Support Files/Pods-FormKitTests/Pods-FormKitTests-resources.sh"
</string>
			<key>showEnvVarsInLog</key>
			<string>0</string>
		</dict>
		<key>6AA979751BF767A9007EC8DB</key>
		<dict>
			<key>children</key>
			<array>
				<string>6ADA25131BDFD1FD00D951DB</string>
				<string>6AA979761BF767D8007EC8DB</string>
				<string>6AA979781BF76814007EC8DB</string>
				<string>6AA9797A1BF76834007EC8DB</string>
				<string>6AA9797C1BF7685A007EC8DB</string>
				<string>6AA9797E1BF7687F007EC8DB</string>
				<string>6AA979801BF768A1007EC8DB</string>
				<string>6AA979821BF768C1007EC8DB</string>
			</array>
			<key>isa</key>
			<string>PBXGroup</string>
			<key>name</key>
			<string>FormTableViewCells</string>
			<key>sourceTree</key>
			<string>&lt;group&gt;</string>
		</dict>
		<key>6AA979761BF767D8007EC8DB</key>
		<dict>
			<key>fileEncoding</key>
			<string>4</string>
			<key>isa</key>
			<string>PBXFileReference</string>
			<key>lastKnownFileType</key>
			<string>sourcecode.swift</string>
			<key>path</key>
			<string>FormTextInputTableViewCell.swift</string>
			<key>sourceTree</key>
			<string>&lt;group&gt;</string>
		</dict>
		<key>6AA979771BF767D8007EC8DB</key>
		<dict>
			<key>fileRef</key>
			<string>6AA979761BF767D8007EC8DB</string>
			<key>isa</key>
			<string>PBXBuildFile</string>
		</dict>
		<key>6AA979781BF76814007EC8DB</key>
		<dict>
			<key>fileEncoding</key>
			<string>4</string>
			<key>isa</key>
			<string>PBXFileReference</string>
			<key>lastKnownFileType</key>
			<string>sourcecode.swift</string>
			<key>path</key>
			<string>FormTextFieldTableViewCell.swift</string>
			<key>sourceTree</key>
			<string>&lt;group&gt;</string>
		</dict>
		<key>6AA979791BF76814007EC8DB</key>
		<dict>
			<key>fileRef</key>
			<string>6AA979781BF76814007EC8DB</string>
			<key>isa</key>
			<string>PBXBuildFile</string>
		</dict>
		<key>6AA9797A1BF76834007EC8DB</key>
		<dict>
			<key>fileEncoding</key>
			<string>4</string>
			<key>isa</key>
			<string>PBXFileReference</string>
			<key>lastKnownFileType</key>
			<string>sourcecode.swift</string>
			<key>path</key>
			<string>FormTextViewTableViewCell.swift</string>
			<key>sourceTree</key>
			<string>&lt;group&gt;</string>
		</dict>
		<key>6AA9797B1BF76834007EC8DB</key>
		<dict>
			<key>fileRef</key>
			<string>6AA9797A1BF76834007EC8DB</string>
			<key>isa</key>
			<string>PBXBuildFile</string>
		</dict>
		<key>6AA9797C1BF7685A007EC8DB</key>
		<dict>
			<key>fileEncoding</key>
			<string>4</string>
			<key>isa</key>
			<string>PBXFileReference</string>
			<key>lastKnownFileType</key>
			<string>sourcecode.swift</string>
			<key>path</key>
			<string>FormDatePickerTableViewCell.swift</string>
			<key>sourceTree</key>
			<string>&lt;group&gt;</string>
		</dict>
		<key>6AA9797D1BF7685A007EC8DB</key>
		<dict>
			<key>fileRef</key>
			<string>6AA9797C1BF7685A007EC8DB</string>
			<key>isa</key>
			<string>PBXBuildFile</string>
		</dict>
		<key>6AA9797E1BF7687F007EC8DB</key>
		<dict>
			<key>fileEncoding</key>
			<string>4</string>
			<key>isa</key>
			<string>PBXFileReference</string>
			<key>lastKnownFileType</key>
			<string>sourcecode.swift</string>
			<key>path</key>
			<string>FormSwitchTableViewCell.swift</string>
			<key>sourceTree</key>
			<string>&lt;group&gt;</string>
		</dict>
		<key>6AA9797F1BF7687F007EC8DB</key>
		<dict>
			<key>fileRef</key>
			<string>6AA9797E1BF7687F007EC8DB</string>
			<key>isa</key>
			<string>PBXBuildFile</string>
		</dict>
		<key>6AA979801BF768A1007EC8DB</key>
		<dict>
			<key>fileEncoding</key>
			<string>4</string>
			<key>isa</key>
			<string>PBXFileReference</string>
			<key>lastKnownFileType</key>
			<string>sourcecode.swift</string>
			<key>path</key>
			<string>FormSelectionTableViewCell.swift</string>
			<key>sourceTree</key>
			<string>&lt;group&gt;</string>
		</dict>
		<key>6AA979811BF768A1007EC8DB</key>
		<dict>
			<key>fileRef</key>
			<string>6AA979801BF768A1007EC8DB</string>
			<key>isa</key>
			<string>PBXBuildFile</string>
		</dict>
		<key>6AA979821BF768C1007EC8DB</key>
		<dict>
			<key>fileEncoding</key>
			<string>4</string>
			<key>isa</key>
			<string>PBXFileReference</string>
			<key>lastKnownFileType</key>
			<string>sourcecode.swift</string>
			<key>path</key>
			<string>FormButtonTableViewCell.swift</string>
			<key>sourceTree</key>
			<string>&lt;group&gt;</string>
		</dict>
		<key>6AA979831BF768C1007EC8DB</key>
		<dict>
			<key>fileRef</key>
			<string>6AA979821BF768C1007EC8DB</string>
			<key>isa</key>
			<string>PBXBuildFile</string>
		</dict>
		<key>6AC7D15E1C428DDA00D7409E</key>
		<dict>
			<key>children</key>
			<array>
				<string>6AC7D15F1C428E0000D7409E</string>
				<string>6AC7D1611C428EA500D7409E</string>
			</array>
			<key>isa</key>
			<string>PBXGroup</string>
			<key>name</key>
			<string>Classes</string>
			<key>sourceTree</key>
			<string>&lt;group&gt;</string>
		</dict>
		<key>6AC7D15F1C428E0000D7409E</key>
		<dict>
			<key>fileEncoding</key>
			<string>4</string>
			<key>isa</key>
			<string>PBXFileReference</string>
			<key>lastKnownFileType</key>
			<string>sourcecode.swift</string>
			<key>path</key>
			<string>FormTextView.swift</string>
			<key>sourceTree</key>
			<string>&lt;group&gt;</string>
		</dict>
		<key>6AC7D1601C428E0000D7409E</key>
		<dict>
			<key>fileRef</key>
			<string>6AC7D15F1C428E0000D7409E</string>
			<key>isa</key>
			<string>PBXBuildFile</string>
		</dict>
		<key>6AC7D1611C428EA500D7409E</key>
		<dict>
			<key>fileEncoding</key>
			<string>4</string>
			<key>isa</key>
			<string>PBXFileReference</string>
			<key>lastKnownFileType</key>
			<string>sourcecode.swift</string>
			<key>path</key>
			<string>FormTextField.swift</string>
			<key>sourceTree</key>
			<string>&lt;group&gt;</string>
		</dict>
		<key>6AC7D1621C428EA500D7409E</key>
		<dict>
			<key>fileRef</key>
			<string>6AC7D1611C428EA500D7409E</string>
			<key>isa</key>
			<string>PBXBuildFile</string>
		</dict>
		<key>6ADA25101BDFD1ED00D951DB</key>
		<dict>
			<key>children</key>
			<array>
				<string>6ADE2BA01BCD5A6000A7AB6A</string>
			</array>
			<key>isa</key>
			<string>PBXGroup</string>
			<key>name</key>
			<string>Supporting Files</string>
			<key>sourceTree</key>
			<string>&lt;group&gt;</string>
		</dict>
		<key>6ADA25111BDFD1FD00D951DB</key>
		<dict>
			<key>fileEncoding</key>
			<string>4</string>
			<key>isa</key>
			<string>PBXFileReference</string>
			<key>lastKnownFileType</key>
			<string>sourcecode.swift</string>
			<key>path</key>
			<string>FormManager.swift</string>
			<key>sourceTree</key>
			<string>&lt;group&gt;</string>
		</dict>
		<key>6ADA25121BDFD1FD00D951DB</key>
		<dict>
			<key>fileEncoding</key>
			<string>4</string>
			<key>isa</key>
			<string>PBXFileReference</string>
			<key>lastKnownFileType</key>
			<string>sourcecode.swift</string>
			<key>path</key>
			<string>FormSelectionTableViewController.swift</string>
			<key>sourceTree</key>
			<string>&lt;group&gt;</string>
		</dict>
		<key>6ADA25131BDFD1FD00D951DB</key>
		<dict>
			<key>fileEncoding</key>
			<string>4</string>
			<key>isa</key>
			<string>PBXFileReference</string>
			<key>lastKnownFileType</key>
			<string>sourcecode.swift</string>
			<key>path</key>
			<string>FormTableViewCell.swift</string>
			<key>sourceTree</key>
			<string>&lt;group&gt;</string>
		</dict>
		<key>6ADA25141BDFD1FD00D951DB</key>
		<dict>
			<key>fileEncoding</key>
			<string>4</string>
			<key>isa</key>
			<string>PBXFileReference</string>
			<key>lastKnownFileType</key>
			<string>sourcecode.swift</string>
			<key>path</key>
			<string>FormValueTransformer.swift</string>
			<key>sourceTree</key>
			<string>&lt;group&gt;</string>
		</dict>
		<key>6ADA25151BDFD1FD00D951DB</key>
		<dict>
			<key>fileEncoding</key>
			<string>4</string>
			<key>isa</key>
			<string>PBXFileReference</string>
			<key>lastKnownFileType</key>
			<string>sourcecode.swift</string>
			<key>path</key>
			<string>FormViewController.swift</string>
			<key>sourceTree</key>
			<string>&lt;group&gt;</string>
		</dict>
		<key>6ADA25161BDFD1FD00D951DB</key>
		<dict>
			<key>fileRef</key>
			<string>6ADA25111BDFD1FD00D951DB</string>
			<key>isa</key>
			<string>PBXBuildFile</string>
		</dict>
		<key>6ADA25171BDFD1FD00D951DB</key>
		<dict>
			<key>fileRef</key>
			<string>6ADA25121BDFD1FD00D951DB</string>
			<key>isa</key>
			<string>PBXBuildFile</string>
		</dict>
		<key>6ADA25181BDFD1FD00D951DB</key>
		<dict>
			<key>fileRef</key>
			<string>6ADA25131BDFD1FD00D951DB</string>
			<key>isa</key>
			<string>PBXBuildFile</string>
		</dict>
		<key>6ADA25191BDFD1FD00D951DB</key>
		<dict>
			<key>fileRef</key>
			<string>6ADA25141BDFD1FD00D951DB</string>
			<key>isa</key>
			<string>PBXBuildFile</string>
		</dict>
		<key>6ADA251A1BDFD1FD00D951DB</key>
		<dict>
			<key>fileRef</key>
			<string>6ADA25151BDFD1FD00D951DB</string>
			<key>isa</key>
			<string>PBXBuildFile</string>
		</dict>
		<key>6ADE2B911BCD5A6000A7AB6A</key>
		<dict>
			<key>children</key>
			<array>
				<string>6ADE2B9D1BCD5A6000A7AB6A</string>
				<string>6ADE2BA91BCD5A6000A7AB6A</string>
				<string>6ADE2B9C1BCD5A6000A7AB6A</string>
				<string>1EA8FC5124F09EC25D96FEA3</string>
				<string>2EFB738EC944E4FA797556F8</string>
			</array>
			<key>isa</key>
			<string>PBXGroup</string>
			<key>sourceTree</key>
			<string>&lt;group&gt;</string>
		</dict>
		<key>6ADE2B921BCD5A6000A7AB6A</key>
		<dict>
			<key>attributes</key>
			<dict>
				<key>LastSwiftUpdateCheck</key>
				<string>0710</string>
				<key>LastUpgradeCheck</key>
				<string>0700</string>
				<key>ORGANIZATIONNAME</key>
				<string>Aplo</string>
				<key>TargetAttributes</key>
				<dict>
					<key>6ADE2B9A1BCD5A6000A7AB6A</key>
					<dict>
						<key>CreatedOnToolsVersion</key>
						<string>7.0.1</string>
						<key>LastSwiftMigration</key>
						<string>0800</string>
					</dict>
					<key>6ADE2BA41BCD5A6000A7AB6A</key>
					<dict>
						<key>CreatedOnToolsVersion</key>
						<string>7.0.1</string>
						<key>LastSwiftMigration</key>
						<string>0800</string>
					</dict>
				</dict>
			</dict>
			<key>buildConfigurationList</key>
			<string>6ADE2B951BCD5A6000A7AB6A</string>
			<key>compatibilityVersion</key>
			<string>Xcode 3.2</string>
			<key>developmentRegion</key>
			<string>English</string>
			<key>hasScannedForEncodings</key>
			<string>0</string>
			<key>isa</key>
			<string>PBXProject</string>
			<key>knownRegions</key>
			<array>
				<string>en</string>
			</array>
			<key>mainGroup</key>
			<string>6ADE2B911BCD5A6000A7AB6A</string>
			<key>productRefGroup</key>
			<string>6ADE2B9C1BCD5A6000A7AB6A</string>
			<key>projectDirPath</key>
			<string></string>
			<key>projectReferences</key>
			<array/>
			<key>projectRoot</key>
			<string></string>
			<key>targets</key>
			<array>
				<string>6ADE2B9A1BCD5A6000A7AB6A</string>
				<string>6ADE2BA41BCD5A6000A7AB6A</string>
			</array>
		</dict>
		<key>6ADE2B951BCD5A6000A7AB6A</key>
		<dict>
			<key>buildConfigurations</key>
			<array>
				<string>6ADE2BAD1BCD5A6000A7AB6A</string>
				<string>6ADE2BAE1BCD5A6000A7AB6A</string>
			</array>
			<key>defaultConfigurationIsVisible</key>
			<string>0</string>
			<key>defaultConfigurationName</key>
			<string>Release</string>
			<key>isa</key>
			<string>XCConfigurationList</string>
		</dict>
		<key>6ADE2B961BCD5A6000A7AB6A</key>
		<dict>
			<key>buildActionMask</key>
			<string>2147483647</string>
			<key>files</key>
			<array>
				<string>6ADA25171BDFD1FD00D951DB</string>
				<string>6AA9797B1BF76834007EC8DB</string>
				<string>6ADA25191BDFD1FD00D951DB</string>
				<string>6AC7D1621C428EA500D7409E</string>
				<string>6ADA25181BDFD1FD00D951DB</string>
				<string>6AA979791BF76814007EC8DB</string>
				<string>6ADA251A1BDFD1FD00D951DB</string>
				<string>6AA979771BF767D8007EC8DB</string>
				<string>6AA979831BF768C1007EC8DB</string>
				<string>6AA9797F1BF7687F007EC8DB</string>
				<string>6AC7D1601C428E0000D7409E</string>
				<string>6ADA25161BDFD1FD00D951DB</string>
				<string>6AA9797D1BF7685A007EC8DB</string>
				<string>6AA979811BF768A1007EC8DB</string>
			</array>
			<key>isa</key>
			<string>PBXSourcesBuildPhase</string>
			<key>runOnlyForDeploymentPostprocessing</key>
			<string>0</string>
		</dict>
		<key>6ADE2B971BCD5A6000A7AB6A</key>
		<dict>
			<key>buildActionMask</key>
			<string>2147483647</string>
			<key>files</key>
			<array>
				<string>DDC7BACB92C7C14AE50ED340</string>
			</array>
			<key>isa</key>
			<string>PBXFrameworksBuildPhase</string>
			<key>runOnlyForDeploymentPostprocessing</key>
			<string>0</string>
		</dict>
		<key>6ADE2B981BCD5A6000A7AB6A</key>
		<dict>
			<key>buildActionMask</key>
			<string>2147483647</string>
			<key>files</key>
			<array>
				<string>6ADE2B9F1BCD5A6000A7AB6A</string>
			</array>
			<key>isa</key>
			<string>PBXHeadersBuildPhase</string>
			<key>runOnlyForDeploymentPostprocessing</key>
			<string>0</string>
		</dict>
		<key>6ADE2B991BCD5A6000A7AB6A</key>
		<dict>
			<key>buildActionMask</key>
			<string>2147483647</string>
			<key>files</key>
			<array/>
			<key>isa</key>
			<string>PBXResourcesBuildPhase</string>
			<key>runOnlyForDeploymentPostprocessing</key>
			<string>0</string>
		</dict>
		<key>6ADE2B9A1BCD5A6000A7AB6A</key>
		<dict>
			<key>buildConfigurationList</key>
			<string>6ADE2BAF1BCD5A6000A7AB6A</string>
			<key>buildPhases</key>
			<array>
				<string>9DF2EB8631A233DF90AB27EB</string>
				<string>6ADE2B961BCD5A6000A7AB6A</string>
				<string>6ADE2B971BCD5A6000A7AB6A</string>
				<string>6ADE2B981BCD5A6000A7AB6A</string>
				<string>6ADE2B991BCD5A6000A7AB6A</string>
				<string>7C7AF1065E82690F33E357DB</string>
			</array>
			<key>buildRules</key>
			<array/>
			<key>dependencies</key>
			<array/>
			<key>isa</key>
			<string>PBXNativeTarget</string>
			<key>name</key>
			<string>FormKit</string>
			<key>productName</key>
			<string>FormKit</string>
			<key>productReference</key>
			<string>6ADE2B9B1BCD5A6000A7AB6A</string>
			<key>productType</key>
			<string>com.apple.product-type.framework</string>
		</dict>
		<key>6ADE2B9B1BCD5A6000A7AB6A</key>
		<dict>
			<key>explicitFileType</key>
			<string>wrapper.framework</string>
			<key>includeInIndex</key>
			<string>0</string>
			<key>isa</key>
			<string>PBXFileReference</string>
			<key>path</key>
			<string>FormKit.framework</string>
			<key>sourceTree</key>
			<string>BUILT_PRODUCTS_DIR</string>
		</dict>
		<key>6ADE2B9C1BCD5A6000A7AB6A</key>
		<dict>
			<key>children</key>
			<array>
				<string>6ADE2B9B1BCD5A6000A7AB6A</string>
				<string>6ADE2BA51BCD5A6000A7AB6A</string>
			</array>
			<key>isa</key>
			<string>PBXGroup</string>
			<key>name</key>
			<string>Products</string>
			<key>sourceTree</key>
			<string>&lt;group&gt;</string>
		</dict>
		<key>6ADE2B9D1BCD5A6000A7AB6A</key>
		<dict>
			<key>children</key>
			<array>
				<string>6ADE2B9E1BCD5A6000A7AB6A</string>
				<string>6ADA25111BDFD1FD00D951DB</string>
				<string>6AC7D15E1C428DDA00D7409E</string>
				<string>6AA979751BF767A9007EC8DB</string>
				<string>6ADA25141BDFD1FD00D951DB</string>
				<string>6ADA25151BDFD1FD00D951DB</string>
				<string>6ADA25121BDFD1FD00D951DB</string>
				<string>6ADA25101BDFD1ED00D951DB</string>
			</array>
			<key>isa</key>
			<string>PBXGroup</string>
			<key>path</key>
			<string>FormKit</string>
			<key>sourceTree</key>
			<string>&lt;group&gt;</string>
		</dict>
		<key>6ADE2B9E1BCD5A6000A7AB6A</key>
		<dict>
			<key>isa</key>
			<string>PBXFileReference</string>
			<key>lastKnownFileType</key>
			<string>sourcecode.c.h</string>
			<key>path</key>
			<string>FormKit.h</string>
			<key>sourceTree</key>
			<string>&lt;group&gt;</string>
		</dict>
		<key>6ADE2B9F1BCD5A6000A7AB6A</key>
		<dict>
			<key>fileRef</key>
			<string>6ADE2B9E1BCD5A6000A7AB6A</string>
			<key>isa</key>
			<string>PBXBuildFile</string>
			<key>settings</key>
			<dict>
				<key>ATTRIBUTES</key>
				<array>
					<string>Public</string>
				</array>
			</dict>
		</dict>
		<key>6ADE2BA01BCD5A6000A7AB6A</key>
		<dict>
			<key>isa</key>
			<string>PBXFileReference</string>
			<key>lastKnownFileType</key>
			<string>text.plist.xml</string>
			<key>path</key>
			<string>Info.plist</string>
			<key>sourceTree</key>
			<string>&lt;group&gt;</string>
		</dict>
		<key>6ADE2BA11BCD5A6000A7AB6A</key>
		<dict>
			<key>buildActionMask</key>
			<string>2147483647</string>
			<key>files</key>
			<array>
				<string>6ADE2BAB1BCD5A6000A7AB6A</string>
			</array>
			<key>isa</key>
			<string>PBXSourcesBuildPhase</string>
			<key>runOnlyForDeploymentPostprocessing</key>
			<string>0</string>
		</dict>
		<key>6ADE2BA21BCD5A6000A7AB6A</key>
		<dict>
			<key>buildActionMask</key>
			<string>2147483647</string>
			<key>files</key>
			<array>
				<string>6ADE2BA61BCD5A6000A7AB6A</string>
				<string>A7C0035D112C6EA8AA0566B8</string>
			</array>
			<key>isa</key>
			<string>PBXFrameworksBuildPhase</string>
			<key>runOnlyForDeploymentPostprocessing</key>
			<string>0</string>
		</dict>
		<key>6ADE2BA31BCD5A6000A7AB6A</key>
		<dict>
			<key>buildActionMask</key>
			<string>2147483647</string>
			<key>files</key>
			<array/>
			<key>isa</key>
			<string>PBXResourcesBuildPhase</string>
			<key>runOnlyForDeploymentPostprocessing</key>
			<string>0</string>
		</dict>
		<key>6ADE2BA41BCD5A6000A7AB6A</key>
		<dict>
			<key>buildConfigurationList</key>
			<string>6ADE2BB21BCD5A6000A7AB6A</string>
			<key>buildPhases</key>
			<array>
				<string>C732E6D0EFE073A257C53407</string>
				<string>6ADE2BA11BCD5A6000A7AB6A</string>
				<string>6ADE2BA21BCD5A6000A7AB6A</string>
				<string>6ADE2BA31BCD5A6000A7AB6A</string>
				<string>23FDD3A8EEA782273025B4F7</string>
				<string>5090022C7A42BA43F280D140</string>
			</array>
			<key>buildRules</key>
			<array/>
			<key>dependencies</key>
			<array>
				<string>6ADE2BA81BCD5A6000A7AB6A</string>
			</array>
			<key>isa</key>
			<string>PBXNativeTarget</string>
			<key>name</key>
			<string>FormKitTests</string>
			<key>productName</key>
			<string>FormKitTests</string>
			<key>productReference</key>
			<string>6ADE2BA51BCD5A6000A7AB6A</string>
			<key>productType</key>
			<string>com.apple.product-type.bundle.unit-test</string>
		</dict>
		<key>6ADE2BA51BCD5A6000A7AB6A</key>
		<dict>
			<key>explicitFileType</key>
			<string>wrapper.cfbundle</string>
			<key>includeInIndex</key>
			<string>0</string>
			<key>isa</key>
			<string>PBXFileReference</string>
			<key>path</key>
			<string>FormKitTests.xctest</string>
			<key>sourceTree</key>
			<string>BUILT_PRODUCTS_DIR</string>
		</dict>
		<key>6ADE2BA61BCD5A6000A7AB6A</key>
		<dict>
			<key>fileRef</key>
			<string>6ADE2B9B1BCD5A6000A7AB6A</string>
			<key>isa</key>
			<string>PBXBuildFile</string>
		</dict>
		<key>6ADE2BA71BCD5A6000A7AB6A</key>
		<dict>
			<key>containerPortal</key>
			<string>6ADE2B921BCD5A6000A7AB6A</string>
			<key>isa</key>
			<string>PBXContainerItemProxy</string>
			<key>proxyType</key>
			<string>1</string>
			<key>remoteGlobalIDString</key>
			<string>6ADE2B9A1BCD5A6000A7AB6A</string>
			<key>remoteInfo</key>
			<string>FormKit</string>
		</dict>
		<key>6ADE2BA81BCD5A6000A7AB6A</key>
		<dict>
			<key>isa</key>
			<string>PBXTargetDependency</string>
			<key>target</key>
			<string>6ADE2B9A1BCD5A6000A7AB6A</string>
			<key>targetProxy</key>
			<string>6ADE2BA71BCD5A6000A7AB6A</string>
		</dict>
		<key>6ADE2BA91BCD5A6000A7AB6A</key>
		<dict>
			<key>children</key>
			<array>
				<string>6ADE2BAA1BCD5A6000A7AB6A</string>
				<string>6ADE2BAC1BCD5A6000A7AB6A</string>
			</array>
			<key>isa</key>
			<string>PBXGroup</string>
			<key>path</key>
			<string>FormKitTests</string>
			<key>sourceTree</key>
			<string>&lt;group&gt;</string>
		</dict>
		<key>6ADE2BAA1BCD5A6000A7AB6A</key>
		<dict>
			<key>isa</key>
			<string>PBXFileReference</string>
			<key>lastKnownFileType</key>
			<string>sourcecode.swift</string>
			<key>path</key>
			<string>FormKitTests.swift</string>
			<key>sourceTree</key>
			<string>&lt;group&gt;</string>
		</dict>
		<key>6ADE2BAB1BCD5A6000A7AB6A</key>
		<dict>
			<key>fileRef</key>
			<string>6ADE2BAA1BCD5A6000A7AB6A</string>
			<key>isa</key>
			<string>PBXBuildFile</string>
		</dict>
		<key>6ADE2BAC1BCD5A6000A7AB6A</key>
		<dict>
			<key>isa</key>
			<string>PBXFileReference</string>
			<key>lastKnownFileType</key>
			<string>text.plist.xml</string>
			<key>path</key>
			<string>Info.plist</string>
			<key>sourceTree</key>
			<string>&lt;group&gt;</string>
		</dict>
		<key>6ADE2BAD1BCD5A6000A7AB6A</key>
		<dict>
			<key>buildSettings</key>
			<dict>
				<key>ALWAYS_SEARCH_USER_PATHS</key>
				<string>NO</string>
				<key>CLANG_CXX_LANGUAGE_STANDARD</key>
				<string>gnu++0x</string>
				<key>CLANG_CXX_LIBRARY</key>
				<string>libc++</string>
				<key>CLANG_ENABLE_MODULES</key>
				<string>YES</string>
				<key>CLANG_ENABLE_OBJC_ARC</key>
				<string>YES</string>
				<key>CLANG_WARN_BOOL_CONVERSION</key>
				<string>YES</string>
				<key>CLANG_WARN_CONSTANT_CONVERSION</key>
				<string>YES</string>
				<key>CLANG_WARN_DIRECT_OBJC_ISA_USAGE</key>
				<string>YES_ERROR</string>
				<key>CLANG_WARN_EMPTY_BODY</key>
				<string>YES</string>
				<key>CLANG_WARN_ENUM_CONVERSION</key>
				<string>YES</string>
				<key>CLANG_WARN_INT_CONVERSION</key>
				<string>YES</string>
				<key>CLANG_WARN_OBJC_ROOT_CLASS</key>
				<string>YES_ERROR</string>
				<key>CLANG_WARN_UNREACHABLE_CODE</key>
				<string>YES</string>
				<key>CLANG_WARN__DUPLICATE_METHOD_MATCH</key>
				<string>YES</string>
				<key>CODE_SIGN_IDENTITY[sdk=iphoneos*]</key>
				<string>iPhone Developer</string>
				<key>COPY_PHASE_STRIP</key>
				<string>NO</string>
				<key>CURRENT_PROJECT_VERSION</key>
				<string>1</string>
				<key>DEBUG_INFORMATION_FORMAT</key>
				<string>dwarf</string>
				<key>ENABLE_STRICT_OBJC_MSGSEND</key>
				<string>YES</string>
				<key>ENABLE_TESTABILITY</key>
				<string>YES</string>
				<key>GCC_C_LANGUAGE_STANDARD</key>
				<string>gnu99</string>
				<key>GCC_DYNAMIC_NO_PIC</key>
				<string>NO</string>
				<key>GCC_NO_COMMON_BLOCKS</key>
				<string>YES</string>
				<key>GCC_OPTIMIZATION_LEVEL</key>
				<string>0</string>
				<key>GCC_PREPROCESSOR_DEFINITIONS</key>
				<array>
					<string>DEBUG=1</string>
					<string>$(inherited)</string>
				</array>
				<key>GCC_WARN_64_TO_32_BIT_CONVERSION</key>
				<string>YES</string>
				<key>GCC_WARN_ABOUT_RETURN_TYPE</key>
				<string>YES_ERROR</string>
				<key>GCC_WARN_UNDECLARED_SELECTOR</key>
				<string>YES</string>
				<key>GCC_WARN_UNINITIALIZED_AUTOS</key>
				<string>YES_AGGRESSIVE</string>
				<key>GCC_WARN_UNUSED_FUNCTION</key>
				<string>YES</string>
				<key>GCC_WARN_UNUSED_VARIABLE</key>
				<string>YES</string>
				<key>IPHONEOS_DEPLOYMENT_TARGET</key>
				<string>9.0</string>
				<key>MTL_ENABLE_DEBUG_INFO</key>
				<string>YES</string>
				<key>ONLY_ACTIVE_ARCH</key>
				<string>YES</string>
				<key>SDKROOT</key>
				<string>iphoneos</string>
				<key>SWIFT_OPTIMIZATION_LEVEL</key>
				<string>-Onone</string>
				<key>TARGETED_DEVICE_FAMILY</key>
				<string>1,2</string>
				<key>VERSIONING_SYSTEM</key>
				<string>apple-generic</string>
				<key>VERSION_INFO_PREFIX</key>
				<string></string>
			</dict>
			<key>isa</key>
			<string>XCBuildConfiguration</string>
			<key>name</key>
			<string>Debug</string>
		</dict>
		<key>6ADE2BAE1BCD5A6000A7AB6A</key>
		<dict>
			<key>buildSettings</key>
			<dict>
				<key>ALWAYS_SEARCH_USER_PATHS</key>
				<string>NO</string>
				<key>CLANG_CXX_LANGUAGE_STANDARD</key>
				<string>gnu++0x</string>
				<key>CLANG_CXX_LIBRARY</key>
				<string>libc++</string>
				<key>CLANG_ENABLE_MODULES</key>
				<string>YES</string>
				<key>CLANG_ENABLE_OBJC_ARC</key>
				<string>YES</string>
				<key>CLANG_WARN_BOOL_CONVERSION</key>
				<string>YES</string>
				<key>CLANG_WARN_CONSTANT_CONVERSION</key>
				<string>YES</string>
				<key>CLANG_WARN_DIRECT_OBJC_ISA_USAGE</key>
				<string>YES_ERROR</string>
				<key>CLANG_WARN_EMPTY_BODY</key>
				<string>YES</string>
				<key>CLANG_WARN_ENUM_CONVERSION</key>
				<string>YES</string>
				<key>CLANG_WARN_INT_CONVERSION</key>
				<string>YES</string>
				<key>CLANG_WARN_OBJC_ROOT_CLASS</key>
				<string>YES_ERROR</string>
				<key>CLANG_WARN_UNREACHABLE_CODE</key>
				<string>YES</string>
				<key>CLANG_WARN__DUPLICATE_METHOD_MATCH</key>
				<string>YES</string>
				<key>CODE_SIGN_IDENTITY[sdk=iphoneos*]</key>
				<string>iPhone Developer</string>
				<key>COPY_PHASE_STRIP</key>
				<string>NO</string>
				<key>CURRENT_PROJECT_VERSION</key>
				<string>1</string>
				<key>DEBUG_INFORMATION_FORMAT</key>
				<string>dwarf-with-dsym</string>
				<key>ENABLE_NS_ASSERTIONS</key>
				<string>NO</string>
				<key>ENABLE_STRICT_OBJC_MSGSEND</key>
				<string>YES</string>
				<key>GCC_C_LANGUAGE_STANDARD</key>
				<string>gnu99</string>
				<key>GCC_NO_COMMON_BLOCKS</key>
				<string>YES</string>
				<key>GCC_WARN_64_TO_32_BIT_CONVERSION</key>
				<string>YES</string>
				<key>GCC_WARN_ABOUT_RETURN_TYPE</key>
				<string>YES_ERROR</string>
				<key>GCC_WARN_UNDECLARED_SELECTOR</key>
				<string>YES</string>
				<key>GCC_WARN_UNINITIALIZED_AUTOS</key>
				<string>YES_AGGRESSIVE</string>
				<key>GCC_WARN_UNUSED_FUNCTION</key>
				<string>YES</string>
				<key>GCC_WARN_UNUSED_VARIABLE</key>
				<string>YES</string>
				<key>IPHONEOS_DEPLOYMENT_TARGET</key>
				<string>9.0</string>
				<key>MTL_ENABLE_DEBUG_INFO</key>
				<string>NO</string>
				<key>SDKROOT</key>
				<string>iphoneos</string>
				<key>TARGETED_DEVICE_FAMILY</key>
				<string>1,2</string>
				<key>VALIDATE_PRODUCT</key>
				<string>YES</string>
				<key>VERSIONING_SYSTEM</key>
				<string>apple-generic</string>
				<key>VERSION_INFO_PREFIX</key>
				<string></string>
			</dict>
			<key>isa</key>
			<string>XCBuildConfiguration</string>
			<key>name</key>
			<string>Release</string>
		</dict>
		<key>6ADE2BAF1BCD5A6000A7AB6A</key>
		<dict>
			<key>buildConfigurations</key>
			<array>
				<string>6ADE2BB01BCD5A6000A7AB6A</string>
				<string>6ADE2BB11BCD5A6000A7AB6A</string>
			</array>
			<key>defaultConfigurationIsVisible</key>
			<string>0</string>
			<key>defaultConfigurationName</key>
			<string>Release</string>
			<key>isa</key>
			<string>XCConfigurationList</string>
		</dict>
		<key>6ADE2BB01BCD5A6000A7AB6A</key>
		<dict>
			<key>baseConfigurationReference</key>
			<string>836B8FB4A4BA66E6150E7FF0</string>
			<key>buildSettings</key>
			<dict>
				<key>CLANG_ENABLE_MODULES</key>
				<string>YES</string>
				<key>DEFINES_MODULE</key>
				<string>YES</string>
				<key>DYLIB_COMPATIBILITY_VERSION</key>
				<string>1</string>
				<key>DYLIB_CURRENT_VERSION</key>
				<string>1</string>
				<key>DYLIB_INSTALL_NAME_BASE</key>
				<string>@rpath</string>
				<key>INFOPLIST_FILE</key>
				<string>FormKit/Info.plist</string>
				<key>INSTALL_PATH</key>
				<string>$(LOCAL_LIBRARY_DIR)/Frameworks</string>
				<key>LD_RUNPATH_SEARCH_PATHS</key>
				<string>$(inherited) @executable_path/Frameworks @loader_path/Frameworks</string>
				<key>PRODUCT_BUNDLE_IDENTIFIER</key>
				<string>com.aplo.FormKit</string>
				<key>PRODUCT_NAME</key>
				<string>$(TARGET_NAME)</string>
				<key>SKIP_INSTALL</key>
				<string>YES</string>
				<key>SWIFT_OPTIMIZATION_LEVEL</key>
				<string>-Onone</string>
				<key>SWIFT_VERSION</key>
				<string>3.0</string>
			</dict>
			<key>isa</key>
			<string>XCBuildConfiguration</string>
			<key>name</key>
			<string>Debug</string>
		</dict>
		<key>6ADE2BB11BCD5A6000A7AB6A</key>
		<dict>
			<key>baseConfigurationReference</key>
			<string>8C0AC20773D09EA40EC5E4A9</string>
			<key>buildSettings</key>
			<dict>
				<key>CLANG_ENABLE_MODULES</key>
				<string>YES</string>
				<key>DEFINES_MODULE</key>
				<string>YES</string>
				<key>DYLIB_COMPATIBILITY_VERSION</key>
				<string>1</string>
				<key>DYLIB_CURRENT_VERSION</key>
				<string>1</string>
				<key>DYLIB_INSTALL_NAME_BASE</key>
				<string>@rpath</string>
				<key>INFOPLIST_FILE</key>
				<string>FormKit/Info.plist</string>
				<key>INSTALL_PATH</key>
				<string>$(LOCAL_LIBRARY_DIR)/Frameworks</string>
				<key>LD_RUNPATH_SEARCH_PATHS</key>
				<string>$(inherited) @executable_path/Frameworks @loader_path/Frameworks</string>
				<key>PRODUCT_BUNDLE_IDENTIFIER</key>
				<string>com.aplo.FormKit</string>
				<key>PRODUCT_NAME</key>
				<string>$(TARGET_NAME)</string>
				<key>SKIP_INSTALL</key>
				<string>YES</string>
				<key>SWIFT_VERSION</key>
				<string>3.0</string>
			</dict>
			<key>isa</key>
			<string>XCBuildConfiguration</string>
			<key>name</key>
			<string>Release</string>
		</dict>
		<key>6ADE2BB21BCD5A6000A7AB6A</key>
		<dict>
			<key>buildConfigurations</key>
			<array>
				<string>6ADE2BB31BCD5A6000A7AB6A</string>
				<string>6ADE2BB41BCD5A6000A7AB6A</string>
			</array>
			<key>defaultConfigurationIsVisible</key>
			<string>0</string>
			<key>defaultConfigurationName</key>
			<string>Release</string>
			<key>isa</key>
			<string>XCConfigurationList</string>
		</dict>
		<key>6ADE2BB31BCD5A6000A7AB6A</key>
		<dict>
			<key>baseConfigurationReference</key>
			<string>1C76C42A8AFCC9A2C5FA125C</string>
			<key>buildSettings</key>
			<dict>
				<key>INFOPLIST_FILE</key>
				<string>FormKitTests/Info.plist</string>
				<key>LD_RUNPATH_SEARCH_PATHS</key>
				<string>$(inherited) @executable_path/Frameworks @loader_path/Frameworks</string>
				<key>PRODUCT_BUNDLE_IDENTIFIER</key>
				<string>com.aplo.FormKitTests</string>
				<key>PRODUCT_NAME</key>
				<string>$(TARGET_NAME)</string>
				<key>SWIFT_VERSION</key>
				<string>3.0</string>
			</dict>
			<key>isa</key>
			<string>XCBuildConfiguration</string>
			<key>name</key>
			<string>Debug</string>
		</dict>
		<key>6ADE2BB41BCD5A6000A7AB6A</key>
		<dict>
			<key>baseConfigurationReference</key>
			<string>AC3926B8DF6F1BF4167E16C5</string>
			<key>buildSettings</key>
			<dict>
				<key>INFOPLIST_FILE</key>
				<string>FormKitTests/Info.plist</string>
				<key>LD_RUNPATH_SEARCH_PATHS</key>
				<string>$(inherited) @executable_path/Frameworks @loader_path/Frameworks</string>
				<key>PRODUCT_BUNDLE_IDENTIFIER</key>
				<string>com.aplo.FormKitTests</string>
				<key>PRODUCT_NAME</key>
				<string>$(TARGET_NAME)</string>
				<key>SWIFT_VERSION</key>
				<string>3.0</string>
			</dict>
			<key>isa</key>
			<string>XCBuildConfiguration</string>
			<key>name</key>
			<string>Release</string>
		</dict>
		<key>7C7AF1065E82690F33E357DB</key>
		<dict>
			<key>buildActionMask</key>
			<string>2147483647</string>
			<key>files</key>
			<array/>
			<key>inputPaths</key>
			<array/>
			<key>isa</key>
			<string>PBXShellScriptBuildPhase</string>
			<key>name</key>
			<string>[CP] Copy Pods Resources</string>
			<key>outputPaths</key>
			<array/>
			<key>runOnlyForDeploymentPostprocessing</key>
			<string>0</string>
			<key>shellPath</key>
			<string>/bin/sh</string>
			<key>shellScript</key>
			<string>"${SRCROOT}/Pods/Target Support Files/Pods-FormKit/Pods-FormKit-resources.sh"
</string>
			<key>showEnvVarsInLog</key>
			<string>0</string>
		</dict>
		<key>836B8FB4A4BA66E6150E7FF0</key>
		<dict>
			<key>includeInIndex</key>
			<string>1</string>
			<key>isa</key>
			<string>PBXFileReference</string>
			<key>lastKnownFileType</key>
			<string>text.xcconfig</string>
			<key>name</key>
			<string>Pods-FormKit.debug.xcconfig</string>
			<key>path</key>
			<string>Pods/Target Support Files/Pods-FormKit/Pods-FormKit.debug.xcconfig</string>
			<key>sourceTree</key>
			<string>&lt;group&gt;</string>
		</dict>
		<key>8C0AC20773D09EA40EC5E4A9</key>
		<dict>
			<key>includeInIndex</key>
			<string>1</string>
			<key>isa</key>
			<string>PBXFileReference</string>
			<key>lastKnownFileType</key>
			<string>text.xcconfig</string>
			<key>name</key>
			<string>Pods-FormKit.release.xcconfig</string>
			<key>path</key>
			<string>Pods/Target Support Files/Pods-FormKit/Pods-FormKit.release.xcconfig</string>
			<key>sourceTree</key>
			<string>&lt;group&gt;</string>
		</dict>
		<key>9DF2EB8631A233DF90AB27EB</key>
		<dict>
			<key>buildActionMask</key>
			<string>2147483647</string>
			<key>files</key>
			<array/>
			<key>inputPaths</key>
			<array/>
			<key>isa</key>
			<string>PBXShellScriptBuildPhase</string>
			<key>name</key>
			<string>[CP] Check Pods Manifest.lock</string>
			<key>outputPaths</key>
			<array/>
			<key>runOnlyForDeploymentPostprocessing</key>
			<string>0</string>
			<key>shellPath</key>
			<string>/bin/sh</string>
			<key>shellScript</key>
			<string>diff "${PODS_ROOT}/../Podfile.lock" "${PODS_ROOT}/Manifest.lock" &gt; /dev/null
if [[ $? != 0 ]] ; then
    cat &lt;&lt; EOM
error: The sandbox is not in sync with the Podfile.lock. Run 'pod install' or update your CocoaPods installation.
EOM
    exit 1
fi
</string>
			<key>showEnvVarsInLog</key>
			<string>0</string>
		</dict>
		<key>A7C0035D112C6EA8AA0566B8</key>
		<dict>
			<key>fileRef</key>
			<string>09F43F8FF8724333440A2B0F</string>
			<key>isa</key>
			<string>PBXBuildFile</string>
		</dict>
		<key>AC3926B8DF6F1BF4167E16C5</key>
		<dict>
			<key>includeInIndex</key>
			<string>1</string>
			<key>isa</key>
			<string>PBXFileReference</string>
			<key>lastKnownFileType</key>
			<string>text.xcconfig</string>
			<key>name</key>
			<string>Pods-FormKitTests.release.xcconfig</string>
			<key>path</key>
			<string>Pods/Target Support Files/Pods-FormKitTests/Pods-FormKitTests.release.xcconfig</string>
			<key>sourceTree</key>
			<string>&lt;group&gt;</string>
		</dict>
		<key>B3C06D7B478C286B4AF15C3A</key>
		<dict>
			<key>explicitFileType</key>
			<string>wrapper.framework</string>
			<key>includeInIndex</key>
			<string>0</string>
			<key>isa</key>
			<string>PBXFileReference</string>
			<key>path</key>
			<string>Pods_FormKit.framework</string>
			<key>sourceTree</key>
			<string>BUILT_PRODUCTS_DIR</string>
		</dict>
		<key>C732E6D0EFE073A257C53407</key>
		<dict>
			<key>buildActionMask</key>
			<string>2147483647</string>
			<key>files</key>
			<array/>
			<key>inputPaths</key>
			<array/>
			<key>isa</key>
			<string>PBXShellScriptBuildPhase</string>
			<key>name</key>
			<string>[CP] Check Pods Manifest.lock</string>
			<key>outputPaths</key>
			<array/>
			<key>runOnlyForDeploymentPostprocessing</key>
			<string>0</string>
			<key>shellPath</key>
			<string>/bin/sh</string>
			<key>shellScript</key>
			<string>diff "${PODS_ROOT}/../Podfile.lock" "${PODS_ROOT}/Manifest.lock" &gt; /dev/null
if [[ $? != 0 ]] ; then
    cat &lt;&lt; EOM
error: The sandbox is not in sync with the Podfile.lock. Run 'pod install' or update your CocoaPods installation.
EOM
    exit 1
fi
</string>
			<key>showEnvVarsInLog</key>
			<string>0</string>
		</dict>
		<key>DDC7BACB92C7C14AE50ED340</key>
		<dict>
			<key>fileRef</key>
			<string>B3C06D7B478C286B4AF15C3A</string>
			<key>isa</key>
			<string>PBXBuildFile</string>
		</dict>
	</dict>
	<key>rootObject</key>
	<string>6ADE2B921BCD5A6000A7AB6A</string>
</dict>
</plist>
