// !$*UTF8*$!
{
	archiveVersion = 1;
	classes = {
	};
	objectVersion = 46;
	objects = {

/* Begin PBXBuildFile section */
		1A8B5D15EFCAE1485BC6D1EF /* Pods_FormKitTests.framework in Frameworks */ = {isa = PBXBuildFile; fileRef = D3623E126094DF767DE224B7 /* Pods_FormKitTests.framework */; };
		382FE0B3A3B5FC07C9655D7E /* Pods_FormKit.framework in Frameworks */ = {isa = PBXBuildFile; fileRef = CBA37C68E9B5EC61E225CC4F /* Pods_FormKit.framework */; };
		6AA979771BF767D8007EC8DB /* FormTextInputTableViewCell.swift in Sources */ = {isa = PBXBuildFile; fileRef = 6AA979761BF767D8007EC8DB /* FormTextInputTableViewCell.swift */; };
		6AA979791BF76814007EC8DB /* FormTextFieldTableViewCell.swift in Sources */ = {isa = PBXBuildFile; fileRef = 6AA979781BF76814007EC8DB /* FormTextFieldTableViewCell.swift */; };
		6AA9797B1BF76834007EC8DB /* FormTextViewTableViewCell.swift in Sources */ = {isa = PBXBuildFile; fileRef = 6AA9797A1BF76834007EC8DB /* FormTextViewTableViewCell.swift */; };
		6AA9797D1BF7685A007EC8DB /* FormDatePickerTableViewCell.swift in Sources */ = {isa = PBXBuildFile; fileRef = 6AA9797C1BF7685A007EC8DB /* FormDatePickerTableViewCell.swift */; };
		6AA9797F1BF7687F007EC8DB /* FormSwitchTableViewCell.swift in Sources */ = {isa = PBXBuildFile; fileRef = 6AA9797E1BF7687F007EC8DB /* FormSwitchTableViewCell.swift */; };
		6AA979811BF768A1007EC8DB /* FormSelectionTableViewCell.swift in Sources */ = {isa = PBXBuildFile; fileRef = 6AA979801BF768A1007EC8DB /* FormSelectionTableViewCell.swift */; };
		6AA979831BF768C1007EC8DB /* FormButtonTableViewCell.swift in Sources */ = {isa = PBXBuildFile; fileRef = 6AA979821BF768C1007EC8DB /* FormButtonTableViewCell.swift */; };
		6ADA25161BDFD1FD00D951DB /* FormManager.swift in Sources */ = {isa = PBXBuildFile; fileRef = 6ADA25111BDFD1FD00D951DB /* FormManager.swift */; };
		6ADA25171BDFD1FD00D951DB /* FormSelectionTableViewController.swift in Sources */ = {isa = PBXBuildFile; fileRef = 6ADA25121BDFD1FD00D951DB /* FormSelectionTableViewController.swift */; };
		6ADA25181BDFD1FD00D951DB /* FormTableViewCell.swift in Sources */ = {isa = PBXBuildFile; fileRef = 6ADA25131BDFD1FD00D951DB /* FormTableViewCell.swift */; };
		6ADA25191BDFD1FD00D951DB /* FormValueTransformer.swift in Sources */ = {isa = PBXBuildFile; fileRef = 6ADA25141BDFD1FD00D951DB /* FormValueTransformer.swift */; };
		6ADA251A1BDFD1FD00D951DB /* FormViewController.swift in Sources */ = {isa = PBXBuildFile; fileRef = 6ADA25151BDFD1FD00D951DB /* FormViewController.swift */; };
		6ADE2B9F1BCD5A6000A7AB6A /* FormKit.h in Headers */ = {isa = PBXBuildFile; fileRef = 6ADE2B9E1BCD5A6000A7AB6A /* FormKit.h */; settings = {ATTRIBUTES = (Public, ); }; };
		6ADE2BA61BCD5A6000A7AB6A /* FormKit.framework in Frameworks */ = {isa = PBXBuildFile; fileRef = 6ADE2B9B1BCD5A6000A7AB6A /* FormKit.framework */; };
		6ADE2BAB1BCD5A6000A7AB6A /* FormKitTests.swift in Sources */ = {isa = PBXBuildFile; fileRef = 6ADE2BAA1BCD5A6000A7AB6A /* FormKitTests.swift */; };
/* End PBXBuildFile section */

/* Begin PBXContainerItemProxy section */
		6ADE2BA71BCD5A6000A7AB6A /* PBXContainerItemProxy */ = {
			isa = PBXContainerItemProxy;
			containerPortal = 6ADE2B921BCD5A6000A7AB6A /* Project object */;
			proxyType = 1;
			remoteGlobalIDString = 6ADE2B9A1BCD5A6000A7AB6A;
			remoteInfo = FormKit;
		};
/* End PBXContainerItemProxy section */

/* Begin PBXFileReference section */
		4EA7443C4CD7FB9BC52C5FF6 /* Pods-FormKitTests.debug.xcconfig */ = {isa = PBXFileReference; includeInIndex = 1; lastKnownFileType = text.xcconfig; name = "Pods-FormKitTests.debug.xcconfig"; path = "Pods/Target Support Files/Pods-FormKitTests/Pods-FormKitTests.debug.xcconfig"; sourceTree = "<group>"; };
		6AA979761BF767D8007EC8DB /* FormTextInputTableViewCell.swift */ = {isa = PBXFileReference; fileEncoding = 4; lastKnownFileType = sourcecode.swift; path = FormTextInputTableViewCell.swift; sourceTree = "<group>"; };
		6AA979781BF76814007EC8DB /* FormTextFieldTableViewCell.swift */ = {isa = PBXFileReference; fileEncoding = 4; lastKnownFileType = sourcecode.swift; path = FormTextFieldTableViewCell.swift; sourceTree = "<group>"; };
		6AA9797A1BF76834007EC8DB /* FormTextViewTableViewCell.swift */ = {isa = PBXFileReference; fileEncoding = 4; lastKnownFileType = sourcecode.swift; path = FormTextViewTableViewCell.swift; sourceTree = "<group>"; };
		6AA9797C1BF7685A007EC8DB /* FormDatePickerTableViewCell.swift */ = {isa = PBXFileReference; fileEncoding = 4; lastKnownFileType = sourcecode.swift; path = FormDatePickerTableViewCell.swift; sourceTree = "<group>"; };
		6AA9797E1BF7687F007EC8DB /* FormSwitchTableViewCell.swift */ = {isa = PBXFileReference; fileEncoding = 4; lastKnownFileType = sourcecode.swift; path = FormSwitchTableViewCell.swift; sourceTree = "<group>"; };
		6AA979801BF768A1007EC8DB /* FormSelectionTableViewCell.swift */ = {isa = PBXFileReference; fileEncoding = 4; lastKnownFileType = sourcecode.swift; path = FormSelectionTableViewCell.swift; sourceTree = "<group>"; };
		6AA979821BF768C1007EC8DB /* FormButtonTableViewCell.swift */ = {isa = PBXFileReference; fileEncoding = 4; lastKnownFileType = sourcecode.swift; path = FormButtonTableViewCell.swift; sourceTree = "<group>"; };
		6ADA25111BDFD1FD00D951DB /* FormManager.swift */ = {isa = PBXFileReference; fileEncoding = 4; lastKnownFileType = sourcecode.swift; path = FormManager.swift; sourceTree = "<group>"; };
		6ADA25121BDFD1FD00D951DB /* FormSelectionTableViewController.swift */ = {isa = PBXFileReference; fileEncoding = 4; lastKnownFileType = sourcecode.swift; path = FormSelectionTableViewController.swift; sourceTree = "<group>"; };
		6ADA25131BDFD1FD00D951DB /* FormTableViewCell.swift */ = {isa = PBXFileReference; fileEncoding = 4; lastKnownFileType = sourcecode.swift; path = FormTableViewCell.swift; sourceTree = "<group>"; };
		6ADA25141BDFD1FD00D951DB /* FormValueTransformer.swift */ = {isa = PBXFileReference; fileEncoding = 4; lastKnownFileType = sourcecode.swift; path = FormValueTransformer.swift; sourceTree = "<group>"; };
		6ADA25151BDFD1FD00D951DB /* FormViewController.swift */ = {isa = PBXFileReference; fileEncoding = 4; lastKnownFileType = sourcecode.swift; path = FormViewController.swift; sourceTree = "<group>"; };
		6ADE2B9B1BCD5A6000A7AB6A /* FormKit.framework */ = {isa = PBXFileReference; explicitFileType = wrapper.framework; includeInIndex = 0; path = FormKit.framework; sourceTree = BUILT_PRODUCTS_DIR; };
		6ADE2B9E1BCD5A6000A7AB6A /* FormKit.h */ = {isa = PBXFileReference; lastKnownFileType = sourcecode.c.h; path = FormKit.h; sourceTree = "<group>"; };
		6ADE2BA01BCD5A6000A7AB6A /* Info.plist */ = {isa = PBXFileReference; lastKnownFileType = text.plist.xml; path = Info.plist; sourceTree = "<group>"; };
		6ADE2BA51BCD5A6000A7AB6A /* FormKitTests.xctest */ = {isa = PBXFileReference; explicitFileType = wrapper.cfbundle; includeInIndex = 0; path = FormKitTests.xctest; sourceTree = BUILT_PRODUCTS_DIR; };
		6ADE2BAA1BCD5A6000A7AB6A /* FormKitTests.swift */ = {isa = PBXFileReference; lastKnownFileType = sourcecode.swift; path = FormKitTests.swift; sourceTree = "<group>"; };
		6ADE2BAC1BCD5A6000A7AB6A /* Info.plist */ = {isa = PBXFileReference; lastKnownFileType = text.plist.xml; path = Info.plist; sourceTree = "<group>"; };
		6BCD67E66712B4A0F12EA111 /* Pods-FormKit.debug.xcconfig */ = {isa = PBXFileReference; includeInIndex = 1; lastKnownFileType = text.xcconfig; name = "Pods-FormKit.debug.xcconfig"; path = "Pods/Target Support Files/Pods-FormKit/Pods-FormKit.debug.xcconfig"; sourceTree = "<group>"; };
		903FD163EC0EB8095A8CD6C4 /* Pods-FormKit.release.xcconfig */ = {isa = PBXFileReference; includeInIndex = 1; lastKnownFileType = text.xcconfig; name = "Pods-FormKit.release.xcconfig"; path = "Pods/Target Support Files/Pods-FormKit/Pods-FormKit.release.xcconfig"; sourceTree = "<group>"; };
		CBA37C68E9B5EC61E225CC4F /* Pods_FormKit.framework */ = {isa = PBXFileReference; explicitFileType = wrapper.framework; includeInIndex = 0; path = Pods_FormKit.framework; sourceTree = BUILT_PRODUCTS_DIR; };
		D3623E126094DF767DE224B7 /* Pods_FormKitTests.framework */ = {isa = PBXFileReference; explicitFileType = wrapper.framework; includeInIndex = 0; path = Pods_FormKitTests.framework; sourceTree = BUILT_PRODUCTS_DIR; };
		DE92A3ABD8FD489606AC0D5C /* Pods-FormKitTests.release.xcconfig */ = {isa = PBXFileReference; includeInIndex = 1; lastKnownFileType = text.xcconfig; name = "Pods-FormKitTests.release.xcconfig"; path = "Pods/Target Support Files/Pods-FormKitTests/Pods-FormKitTests.release.xcconfig"; sourceTree = "<group>"; };
/* End PBXFileReference section */

/* Begin PBXFrameworksBuildPhase section */
		6ADE2B971BCD5A6000A7AB6A /* Frameworks */ = {
			isa = PBXFrameworksBuildPhase;
			buildActionMask = 2147483647;
			files = (
				382FE0B3A3B5FC07C9655D7E /* Pods_FormKit.framework in Frameworks */,
			);
			runOnlyForDeploymentPostprocessing = 0;
		};
		6ADE2BA21BCD5A6000A7AB6A /* Frameworks */ = {
			isa = PBXFrameworksBuildPhase;
			buildActionMask = 2147483647;
			files = (
				6ADE2BA61BCD5A6000A7AB6A /* FormKit.framework in Frameworks */,
				1A8B5D15EFCAE1485BC6D1EF /* Pods_FormKitTests.framework in Frameworks */,
			);
			runOnlyForDeploymentPostprocessing = 0;
		};
/* End PBXFrameworksBuildPhase section */

/* Begin PBXGroup section */
		6AA979751BF767A9007EC8DB /* FormTableViewCells */ = {
			isa = PBXGroup;
			children = (
				6ADA25131BDFD1FD00D951DB /* FormTableViewCell.swift */,
				6AA979761BF767D8007EC8DB /* FormTextInputTableViewCell.swift */,
				6AA979781BF76814007EC8DB /* FormTextFieldTableViewCell.swift */,
				6AA9797A1BF76834007EC8DB /* FormTextViewTableViewCell.swift */,
				6AA9797C1BF7685A007EC8DB /* FormDatePickerTableViewCell.swift */,
				6AA9797E1BF7687F007EC8DB /* FormSwitchTableViewCell.swift */,
				6AA979801BF768A1007EC8DB /* FormSelectionTableViewCell.swift */,
				6AA979821BF768C1007EC8DB /* FormButtonTableViewCell.swift */,
			);
			name = FormTableViewCells;
			sourceTree = "<group>";
		};
		6ADA25101BDFD1ED00D951DB /* Supporting Files */ = {
			isa = PBXGroup;
			children = (
				6ADE2BA01BCD5A6000A7AB6A /* Info.plist */,
			);
			name = "Supporting Files";
			sourceTree = "<group>";
		};
		6ADE2B911BCD5A6000A7AB6A = {
			isa = PBXGroup;
			children = (
				6ADE2B9D1BCD5A6000A7AB6A /* FormKit */,
				6ADE2BA91BCD5A6000A7AB6A /* FormKitTests */,
				6ADE2B9C1BCD5A6000A7AB6A /* Products */,
				A0101050520BC82393B7FCDA /* Pods */,
				A0163E2A8CABD069CA66FDBB /* Frameworks */,
			);
			sourceTree = "<group>";
		};
		6ADE2B9C1BCD5A6000A7AB6A /* Products */ = {
			isa = PBXGroup;
			children = (
				6ADE2B9B1BCD5A6000A7AB6A /* FormKit.framework */,
				6ADE2BA51BCD5A6000A7AB6A /* FormKitTests.xctest */,
			);
			name = Products;
			sourceTree = "<group>";
		};
		6ADE2B9D1BCD5A6000A7AB6A /* FormKit */ = {
			isa = PBXGroup;
			children = (
				6ADE2B9E1BCD5A6000A7AB6A /* FormKit.h */,
				6ADA25111BDFD1FD00D951DB /* FormManager.swift */,
				6ADA25121BDFD1FD00D951DB /* FormSelectionTableViewController.swift */,
				6AA979751BF767A9007EC8DB /* FormTableViewCells */,
				6ADA25141BDFD1FD00D951DB /* FormValueTransformer.swift */,
				6ADA25151BDFD1FD00D951DB /* FormViewController.swift */,
				6ADA25101BDFD1ED00D951DB /* Supporting Files */,
			);
			path = FormKit;
			sourceTree = "<group>";
		};
		6ADE2BA91BCD5A6000A7AB6A /* FormKitTests */ = {
			isa = PBXGroup;
			children = (
				6ADE2BAA1BCD5A6000A7AB6A /* FormKitTests.swift */,
				6ADE2BAC1BCD5A6000A7AB6A /* Info.plist */,
			);
			path = FormKitTests;
			sourceTree = "<group>";
		};
		A0101050520BC82393B7FCDA /* Pods */ = {
			isa = PBXGroup;
			children = (
				6BCD67E66712B4A0F12EA111 /* Pods-FormKit.debug.xcconfig */,
				903FD163EC0EB8095A8CD6C4 /* Pods-FormKit.release.xcconfig */,
				4EA7443C4CD7FB9BC52C5FF6 /* Pods-FormKitTests.debug.xcconfig */,
				DE92A3ABD8FD489606AC0D5C /* Pods-FormKitTests.release.xcconfig */,
			);
			name = Pods;
			sourceTree = "<group>";
		};
		A0163E2A8CABD069CA66FDBB /* Frameworks */ = {
			isa = PBXGroup;
			children = (
				CBA37C68E9B5EC61E225CC4F /* Pods_FormKit.framework */,
				D3623E126094DF767DE224B7 /* Pods_FormKitTests.framework */,
			);
			name = Frameworks;
			sourceTree = "<group>";
		};
/* End PBXGroup section */

/* Begin PBXHeadersBuildPhase section */
		6ADE2B981BCD5A6000A7AB6A /* Headers */ = {
			isa = PBXHeadersBuildPhase;
			buildActionMask = 2147483647;
			files = (
				6ADE2B9F1BCD5A6000A7AB6A /* FormKit.h in Headers */,
			);
			runOnlyForDeploymentPostprocessing = 0;
		};
/* End PBXHeadersBuildPhase section */

/* Begin PBXNativeTarget section */
		6ADE2B9A1BCD5A6000A7AB6A /* FormKit */ = {
			isa = PBXNativeTarget;
			buildConfigurationList = 6ADE2BAF1BCD5A6000A7AB6A /* Build configuration list for PBXNativeTarget "FormKit" */;
			buildPhases = (
				38352A0566055009B202D9EA /* Check Pods Manifest.lock */,
				6ADE2B961BCD5A6000A7AB6A /* Sources */,
				6ADE2B971BCD5A6000A7AB6A /* Frameworks */,
				6ADE2B981BCD5A6000A7AB6A /* Headers */,
				6ADE2B991BCD5A6000A7AB6A /* Resources */,
				213F9F895C87F23E53515140 /* Copy Pods Resources */,
			);
			buildRules = (
			);
			dependencies = (
			);
			name = FormKit;
			productName = FormKit;
			productReference = 6ADE2B9B1BCD5A6000A7AB6A /* FormKit.framework */;
			productType = "com.apple.product-type.framework";
		};
		6ADE2BA41BCD5A6000A7AB6A /* FormKitTests */ = {
			isa = PBXNativeTarget;
			buildConfigurationList = 6ADE2BB21BCD5A6000A7AB6A /* Build configuration list for PBXNativeTarget "FormKitTests" */;
			buildPhases = (
				1112AF9CEDC9E99FE157658C /* Check Pods Manifest.lock */,
				6ADE2BA11BCD5A6000A7AB6A /* Sources */,
				6ADE2BA21BCD5A6000A7AB6A /* Frameworks */,
				6ADE2BA31BCD5A6000A7AB6A /* Resources */,
				959F5FB15FA2A6B8FE699536 /* Embed Pods Frameworks */,
				F57F466BCDB35A3C4328A3D2 /* Copy Pods Resources */,
			);
			buildRules = (
			);
			dependencies = (
				6ADE2BA81BCD5A6000A7AB6A /* PBXTargetDependency */,
			);
			name = FormKitTests;
			productName = FormKitTests;
			productReference = 6ADE2BA51BCD5A6000A7AB6A /* FormKitTests.xctest */;
			productType = "com.apple.product-type.bundle.unit-test";
		};
/* End PBXNativeTarget section */

/* Begin PBXProject section */
		6ADE2B921BCD5A6000A7AB6A /* Project object */ = {
			isa = PBXProject;
			attributes = {
				LastSwiftUpdateCheck = 0710;
				LastUpgradeCheck = 0700;
				ORGANIZATIONNAME = Aplo;
				TargetAttributes = {
					6ADE2B9A1BCD5A6000A7AB6A = {
						CreatedOnToolsVersion = 7.0.1;
					};
					6ADE2BA41BCD5A6000A7AB6A = {
						CreatedOnToolsVersion = 7.0.1;
					};
				};
			};
			buildConfigurationList = 6ADE2B951BCD5A6000A7AB6A /* Build configuration list for PBXProject "FormKit" */;
			compatibilityVersion = "Xcode 3.2";
			developmentRegion = English;
			hasScannedForEncodings = 0;
			knownRegions = (
				en,
			);
			mainGroup = 6ADE2B911BCD5A6000A7AB6A;
			productRefGroup = 6ADE2B9C1BCD5A6000A7AB6A /* Products */;
			projectDirPath = "";
			projectRoot = "";
			targets = (
				6ADE2B9A1BCD5A6000A7AB6A /* FormKit */,
				6ADE2BA41BCD5A6000A7AB6A /* FormKitTests */,
			);
		};
/* End PBXProject section */

/* Begin PBXResourcesBuildPhase section */
		6ADE2B991BCD5A6000A7AB6A /* Resources */ = {
			isa = PBXResourcesBuildPhase;
			buildActionMask = 2147483647;
			files = (
			);
			runOnlyForDeploymentPostprocessing = 0;
		};
		6ADE2BA31BCD5A6000A7AB6A /* Resources */ = {
			isa = PBXResourcesBuildPhase;
			buildActionMask = 2147483647;
			files = (
			);
			runOnlyForDeploymentPostprocessing = 0;
		};
/* End PBXResourcesBuildPhase section */

/* Begin PBXShellScriptBuildPhase section */
		1112AF9CEDC9E99FE157658C /* Check Pods Manifest.lock */ = {
			isa = PBXShellScriptBuildPhase;
			buildActionMask = 2147483647;
			files = (
			);
			inputPaths = (
			);
			name = "Check Pods Manifest.lock";
			outputPaths = (
			);
			runOnlyForDeploymentPostprocessing = 0;
			shellPath = /bin/sh;
			shellScript = "diff \"${PODS_ROOT}/../Podfile.lock\" \"${PODS_ROOT}/Manifest.lock\" > /dev/null\nif [[ $? != 0 ]] ; then\n    cat << EOM\nerror: The sandbox is not in sync with the Podfile.lock. Run 'pod install' or update your CocoaPods installation.\nEOM\n    exit 1\nfi\n";
			showEnvVarsInLog = 0;
		};
		213F9F895C87F23E53515140 /* Copy Pods Resources */ = {
			isa = PBXShellScriptBuildPhase;
			buildActionMask = 2147483647;
			files = (
			);
			inputPaths = (
			);
			name = "Copy Pods Resources";
			outputPaths = (
			);
			runOnlyForDeploymentPostprocessing = 0;
			shellPath = /bin/sh;
			shellScript = "\"${SRCROOT}/Pods/Target Support Files/Pods-FormKit/Pods-FormKit-resources.sh\"\n";
			showEnvVarsInLog = 0;
		};
		38352A0566055009B202D9EA /* Check Pods Manifest.lock */ = {
			isa = PBXShellScriptBuildPhase;
			buildActionMask = 2147483647;
			files = (
			);
			inputPaths = (
			);
			name = "Check Pods Manifest.lock";
			outputPaths = (
			);
			runOnlyForDeploymentPostprocessing = 0;
			shellPath = /bin/sh;
			shellScript = "diff \"${PODS_ROOT}/../Podfile.lock\" \"${PODS_ROOT}/Manifest.lock\" > /dev/null\nif [[ $? != 0 ]] ; then\n    cat << EOM\nerror: The sandbox is not in sync with the Podfile.lock. Run 'pod install' or update your CocoaPods installation.\nEOM\n    exit 1\nfi\n";
			showEnvVarsInLog = 0;
		};
		959F5FB15FA2A6B8FE699536 /* Embed Pods Frameworks */ = {
			isa = PBXShellScriptBuildPhase;
			buildActionMask = 2147483647;
			files = (
			);
			inputPaths = (
			);
			name = "Embed Pods Frameworks";
			outputPaths = (
			);
			runOnlyForDeploymentPostprocessing = 0;
			shellPath = /bin/sh;
			shellScript = "\"${SRCROOT}/Pods/Target Support Files/Pods-FormKitTests/Pods-FormKitTests-frameworks.sh\"\n";
			showEnvVarsInLog = 0;
		};
		F57F466BCDB35A3C4328A3D2 /* Copy Pods Resources */ = {
			isa = PBXShellScriptBuildPhase;
			buildActionMask = 2147483647;
			files = (
			);
			inputPaths = (
			);
			name = "Copy Pods Resources";
			outputPaths = (
			);
			runOnlyForDeploymentPostprocessing = 0;
			shellPath = /bin/sh;
			shellScript = "\"${SRCROOT}/Pods/Target Support Files/Pods-FormKitTests/Pods-FormKitTests-resources.sh\"\n";
			showEnvVarsInLog = 0;
		};
/* End PBXShellScriptBuildPhase section */

/* Begin PBXSourcesBuildPhase section */
		6ADE2B961BCD5A6000A7AB6A /* Sources */ = {
			isa = PBXSourcesBuildPhase;
			buildActionMask = 2147483647;
			files = (
				6ADA25171BDFD1FD00D951DB /* FormSelectionTableViewController.swift in Sources */,
				6AA9797B1BF76834007EC8DB /* FormTextViewTableViewCell.swift in Sources */,
				6ADA25191BDFD1FD00D951DB /* FormValueTransformer.swift in Sources */,
				6ADA25181BDFD1FD00D951DB /* FormTableViewCell.swift in Sources */,
				6AA979791BF76814007EC8DB /* FormTextFieldTableViewCell.swift in Sources */,
				6ADA251A1BDFD1FD00D951DB /* FormViewController.swift in Sources */,
				6AA979771BF767D8007EC8DB /* FormTextInputTableViewCell.swift in Sources */,
				6AA979831BF768C1007EC8DB /* FormButtonTableViewCell.swift in Sources */,
				6AA9797F1BF7687F007EC8DB /* FormSwitchTableViewCell.swift in Sources */,
				6ADA25161BDFD1FD00D951DB /* FormManager.swift in Sources */,
				6AA9797D1BF7685A007EC8DB /* FormDatePickerTableViewCell.swift in Sources */,
				6AA979811BF768A1007EC8DB /* FormSelectionTableViewCell.swift in Sources */,
			);
			runOnlyForDeploymentPostprocessing = 0;
		};
		6ADE2BA11BCD5A6000A7AB6A /* Sources */ = {
			isa = PBXSourcesBuildPhase;
			buildActionMask = 2147483647;
			files = (
				6ADE2BAB1BCD5A6000A7AB6A /* FormKitTests.swift in Sources */,
			);
			runOnlyForDeploymentPostprocessing = 0;
		};
/* End PBXSourcesBuildPhase section */

/* Begin PBXTargetDependency section */
		6ADE2BA81BCD5A6000A7AB6A /* PBXTargetDependency */ = {
			isa = PBXTargetDependency;
			target = 6ADE2B9A1BCD5A6000A7AB6A /* FormKit */;
			targetProxy = 6ADE2BA71BCD5A6000A7AB6A /* PBXContainerItemProxy */;
		};
/* End PBXTargetDependency section */

/* Begin XCBuildConfiguration section */
		6ADE2BAD1BCD5A6000A7AB6A /* Debug */ = {
			isa = XCBuildConfiguration;
			buildSettings = {
				ALWAYS_SEARCH_USER_PATHS = NO;
				CLANG_CXX_LANGUAGE_STANDARD = "gnu++0x";
				CLANG_CXX_LIBRARY = "libc++";
				CLANG_ENABLE_MODULES = YES;
				CLANG_ENABLE_OBJC_ARC = YES;
				CLANG_WARN_BOOL_CONVERSION = YES;
				CLANG_WARN_CONSTANT_CONVERSION = YES;
				CLANG_WARN_DIRECT_OBJC_ISA_USAGE = YES_ERROR;
				CLANG_WARN_EMPTY_BODY = YES;
				CLANG_WARN_ENUM_CONVERSION = YES;
				CLANG_WARN_INT_CONVERSION = YES;
				CLANG_WARN_OBJC_ROOT_CLASS = YES_ERROR;
				CLANG_WARN_UNREACHABLE_CODE = YES;
				CLANG_WARN__DUPLICATE_METHOD_MATCH = YES;
				"CODE_SIGN_IDENTITY[sdk=iphoneos*]" = "iPhone Developer";
				COPY_PHASE_STRIP = NO;
				CURRENT_PROJECT_VERSION = 1;
				DEBUG_INFORMATION_FORMAT = dwarf;
				ENABLE_STRICT_OBJC_MSGSEND = YES;
				ENABLE_TESTABILITY = YES;
				GCC_C_LANGUAGE_STANDARD = gnu99;
				GCC_DYNAMIC_NO_PIC = NO;
				GCC_NO_COMMON_BLOCKS = YES;
				GCC_OPTIMIZATION_LEVEL = 0;
				GCC_PREPROCESSOR_DEFINITIONS = (
					"DEBUG=1",
					"$(inherited)",
				);
				GCC_WARN_64_TO_32_BIT_CONVERSION = YES;
				GCC_WARN_ABOUT_RETURN_TYPE = YES_ERROR;
				GCC_WARN_UNDECLARED_SELECTOR = YES;
				GCC_WARN_UNINITIALIZED_AUTOS = YES_AGGRESSIVE;
				GCC_WARN_UNUSED_FUNCTION = YES;
				GCC_WARN_UNUSED_VARIABLE = YES;
				IPHONEOS_DEPLOYMENT_TARGET = 9.0;
				MTL_ENABLE_DEBUG_INFO = YES;
				ONLY_ACTIVE_ARCH = YES;
				SDKROOT = iphoneos;
				SWIFT_OPTIMIZATION_LEVEL = "-Onone";
				TARGETED_DEVICE_FAMILY = "1,2";
				VERSIONING_SYSTEM = "apple-generic";
				VERSION_INFO_PREFIX = "";
			};
			name = Debug;
		};
		6ADE2BAE1BCD5A6000A7AB6A /* Release */ = {
			isa = XCBuildConfiguration;
			buildSettings = {
				ALWAYS_SEARCH_USER_PATHS = NO;
				CLANG_CXX_LANGUAGE_STANDARD = "gnu++0x";
				CLANG_CXX_LIBRARY = "libc++";
				CLANG_ENABLE_MODULES = YES;
				CLANG_ENABLE_OBJC_ARC = YES;
				CLANG_WARN_BOOL_CONVERSION = YES;
				CLANG_WARN_CONSTANT_CONVERSION = YES;
				CLANG_WARN_DIRECT_OBJC_ISA_USAGE = YES_ERROR;
				CLANG_WARN_EMPTY_BODY = YES;
				CLANG_WARN_ENUM_CONVERSION = YES;
				CLANG_WARN_INT_CONVERSION = YES;
				CLANG_WARN_OBJC_ROOT_CLASS = YES_ERROR;
				CLANG_WARN_UNREACHABLE_CODE = YES;
				CLANG_WARN__DUPLICATE_METHOD_MATCH = YES;
				"CODE_SIGN_IDENTITY[sdk=iphoneos*]" = "iPhone Developer";
				COPY_PHASE_STRIP = NO;
				CURRENT_PROJECT_VERSION = 1;
				DEBUG_INFORMATION_FORMAT = "dwarf-with-dsym";
				ENABLE_NS_ASSERTIONS = NO;
				ENABLE_STRICT_OBJC_MSGSEND = YES;
				GCC_C_LANGUAGE_STANDARD = gnu99;
				GCC_NO_COMMON_BLOCKS = YES;
				GCC_WARN_64_TO_32_BIT_CONVERSION = YES;
				GCC_WARN_ABOUT_RETURN_TYPE = YES_ERROR;
				GCC_WARN_UNDECLARED_SELECTOR = YES;
				GCC_WARN_UNINITIALIZED_AUTOS = YES_AGGRESSIVE;
				GCC_WARN_UNUSED_FUNCTION = YES;
				GCC_WARN_UNUSED_VARIABLE = YES;
				IPHONEOS_DEPLOYMENT_TARGET = 9.0;
				MTL_ENABLE_DEBUG_INFO = NO;
				SDKROOT = iphoneos;
				TARGETED_DEVICE_FAMILY = "1,2";
				VALIDATE_PRODUCT = YES;
				VERSIONING_SYSTEM = "apple-generic";
				VERSION_INFO_PREFIX = "";
			};
			name = Release;
		};
		6ADE2BB01BCD5A6000A7AB6A /* Debug */ = {
			isa = XCBuildConfiguration;
			baseConfigurationReference = 6BCD67E66712B4A0F12EA111 /* Pods-FormKit.debug.xcconfig */;
			buildSettings = {
				CLANG_ENABLE_MODULES = YES;
				DEFINES_MODULE = YES;
				DYLIB_COMPATIBILITY_VERSION = 1;
				DYLIB_CURRENT_VERSION = 1;
				DYLIB_INSTALL_NAME_BASE = "@rpath";
				INFOPLIST_FILE = FormKit/Info.plist;
				INSTALL_PATH = "$(LOCAL_LIBRARY_DIR)/Frameworks";
				LD_RUNPATH_SEARCH_PATHS = "$(inherited) @executable_path/Frameworks @loader_path/Frameworks";
				PRODUCT_BUNDLE_IDENTIFIER = com.aplo.FormKit;
				PRODUCT_NAME = "$(TARGET_NAME)";
				SKIP_INSTALL = YES;
				SWIFT_OPTIMIZATION_LEVEL = "-Onone";
			};
			name = Debug;
		};
		6ADE2BB11BCD5A6000A7AB6A /* Release */ = {
			isa = XCBuildConfiguration;
			baseConfigurationReference = 903FD163EC0EB8095A8CD6C4 /* Pods-FormKit.release.xcconfig */;
			buildSettings = {
				CLANG_ENABLE_MODULES = YES;
				DEFINES_MODULE = YES;
				DYLIB_COMPATIBILITY_VERSION = 1;
				DYLIB_CURRENT_VERSION = 1;
				DYLIB_INSTALL_NAME_BASE = "@rpath";
				INFOPLIST_FILE = FormKit/Info.plist;
				INSTALL_PATH = "$(LOCAL_LIBRARY_DIR)/Frameworks";
				LD_RUNPATH_SEARCH_PATHS = "$(inherited) @executable_path/Frameworks @loader_path/Frameworks";
				PRODUCT_BUNDLE_IDENTIFIER = com.aplo.FormKit;
				PRODUCT_NAME = "$(TARGET_NAME)";
				SKIP_INSTALL = YES;
			};
			name = Release;
		};
		6ADE2BB31BCD5A6000A7AB6A /* Debug */ = {
			isa = XCBuildConfiguration;
			baseConfigurationReference = 4EA7443C4CD7FB9BC52C5FF6 /* Pods-FormKitTests.debug.xcconfig */;
			buildSettings = {
				INFOPLIST_FILE = FormKitTests/Info.plist;
				LD_RUNPATH_SEARCH_PATHS = "$(inherited) @executable_path/Frameworks @loader_path/Frameworks";
				PRODUCT_BUNDLE_IDENTIFIER = com.aplo.FormKitTests;
				PRODUCT_NAME = "$(TARGET_NAME)";
			};
			name = Debug;
		};
		6ADE2BB41BCD5A6000A7AB6A /* Release */ = {
			isa = XCBuildConfiguration;
			baseConfigurationReference = DE92A3ABD8FD489606AC0D5C /* Pods-FormKitTests.release.xcconfig */;
			buildSettings = {
				INFOPLIST_FILE = FormKitTests/Info.plist;
				LD_RUNPATH_SEARCH_PATHS = "$(inherited) @executable_path/Frameworks @loader_path/Frameworks";
				PRODUCT_BUNDLE_IDENTIFIER = com.aplo.FormKitTests;
				PRODUCT_NAME = "$(TARGET_NAME)";
			};
			name = Release;
		};
/* End XCBuildConfiguration section */

/* Begin XCConfigurationList section */
		6ADE2B951BCD5A6000A7AB6A /* Build configuration list for PBXProject "FormKit" */ = {
			isa = XCConfigurationList;
			buildConfigurations = (
				6ADE2BAD1BCD5A6000A7AB6A /* Debug */,
				6ADE2BAE1BCD5A6000A7AB6A /* Release */,
			);
			defaultConfigurationIsVisible = 0;
			defaultConfigurationName = Release;
		};
		6ADE2BAF1BCD5A6000A7AB6A /* Build configuration list for PBXNativeTarget "FormKit" */ = {
			isa = XCConfigurationList;
			buildConfigurations = (
				6ADE2BB01BCD5A6000A7AB6A /* Debug */,
				6ADE2BB11BCD5A6000A7AB6A /* Release */,
			);
			defaultConfigurationIsVisible = 0;
			defaultConfigurationName = Release;
		};
		6ADE2BB21BCD5A6000A7AB6A /* Build configuration list for PBXNativeTarget "FormKitTests" */ = {
			isa = XCConfigurationList;
			buildConfigurations = (
				6ADE2BB31BCD5A6000A7AB6A /* Debug */,
				6ADE2BB41BCD5A6000A7AB6A /* Release */,
			);
			defaultConfigurationIsVisible = 0;
			defaultConfigurationName = Release;
		};
/* End XCConfigurationList section */
	};
	rootObject = 6ADE2B921BCD5A6000A7AB6A /* Project object */;
}
